
Microsoft Visual Studio Solution File, Format Version 12.00
# Visual Studio Version 17
VisualStudioVersion = 17.0.31903.59
MinimumVisualStudioVersion = 10.0.40219.1
Project("{FAE04EC0-301F-11D3-BF4B-00C04F79EFBC}") = "Task_13", "Task_13\Task_13.csproj", "{87B605EF-19C8-4973-8BEB-6793F617DC4E}"
EndProject
Global
	GlobalSection(SolutionConfigurationPlatforms) = preSolution
		Debug|Any CPU = Debug|Any CPU
		Release|Any CPU = Release|Any CPU
	EndGlobalSection
	GlobalSection(ProjectConfigurationPlatforms) = postSolution
		{87B605EF-19C8-4973-8BEB-6793F617DC4E}.Debug|Any CPU.ActiveCfg = Debug|Any CPU
		{87B605EF-19C8-4973-8BEB-6793F617DC4E}.Debug|Any CPU.Build.0 = Debug|Any CPU
		{87B605EF-19C8-4973-8BEB-6793F617DC4E}.Release|Any CPU.ActiveCfg = Release|Any CPU
		{87B605EF-19C8-4973-8BEB-6793F617DC4E}.Release|Any CPU.Build.0 = Release|Any CPU
	EndGlobalSection
	GlobalSection(SolutionProperties) = preSolution
		HideSolutionNode = FALSE
	EndGlobalSection
	GlobalSection(ExtensibilityGlobals) = postSolution
		SolutionGuid = {759412A8-ABA6-4659-9F16-64A8D77AF186}
	EndGlobalSection
EndGlobal
